{
  "requires": true,
  "lockfileVersion": 1,
  "dependencies": {
    "helpful-decorators": {
      "version": "2.0.3",
      "resolved": "https://registry.npmjs.org/helpful-decorators/-/helpful-decorators-2.0.3.tgz",
      "integrity": "sha512-dNoxnoFm/DE87tax6F2ea+fom2yJzUhOoHkefEbUel36txRaWa3dU0IkqgjlBJ4hx5lIewCx7fvNYxbKF2sGJg==",
      "requires": {
        "lodash.debounce": "4.0.8",
        "lodash.delay": "4.1.1",
        "lodash.memoize": "4.1.2",
        "lodash.once": "4.1.1",
        "lodash.throttle": "4.1.1"
      }
    },
    "lodash.debounce": {
      "version": "4.0.8",
      "resolved": "https://registry.npmjs.org/lodash.debounce/-/lodash.debounce-4.0.8.tgz",
      "integrity": "sha1-gteb/zCmfEAF/9XiUVMArZyk168="
    },
    "lodash.delay": {
      "version": "4.1.1",
      "resolved": "https://registry.npmjs.org/lodash.delay/-/lodash.delay-4.1.1.tgz",
      "integrity": "sha1-ijtCSYglKrkSNW2OPOk+sXLZ8jE="
    },
    "lodash.memoize": {
      "version": "4.1.2",
      "resolved": "https://registry.npmjs.org/lodash.memoize/-/lodash.memoize-4.1.2.tgz",
      "integrity": "sha1-vMbEmkKihA7Zl/Mj6tpezRguC/4="
    },
    "lodash.once": {
      "version": "4.1.1",
      "resolved": "https://registry.npmjs.org/lodash.once/-/lodash.once-4.1.1.tgz",
      "integrity": "sha1-DdOXEhPHxW34gJd9UEyI+0cal6w="
    },
    "lodash.throttle": {
      "version": "4.1.1",
      "resolved": "https://registry.npmjs.org/lodash.throttle/-/lodash.throttle-4.1.1.tgz",
      "integrity": "sha1-wj6RtxAkKscMN/HhzaknTMOb8vQ="
    },
    "vue-i18n": {
      "version": "8.9.0",
      "resolved": "https://registry.npmjs.org/vue-i18n/-/vue-i18n-8.9.0.tgz",
      "integrity": "sha512-8wr/D9yU8CLC8ne9stdQn/N58E7GRSUSO75bCucj2AIFTDyjGfoze5RxFvh2w3e7yxgnz5x+ooOIcoX59PHguQ=="
    }
  }
}
